# This file is automatically @generated by Cargo.
# It is not intended for manual editing.
version = 4

[[package]]
name = "aoc"
version = "0.0.0"
dependencies = [
 "utils",
 "year2015",
 "year2016",
 "year2017",
 "year2018",
 "year2019",
 "year2024",
]

[[package]]
name = "aoc_wasm"
version = "0.0.0"
dependencies = [
 "aoc",
 "utils",
]

[[package]]
name = "utils"
version = "0.0.0"

[[package]]
name = "xtask"
version = "0.0.0"
dependencies = [
 "utils",
]

[[package]]
name = "year2015"
version = "0.0.0"
dependencies = [
 "utils",
]

[[package]]
name = "year2016"
version = "0.0.0"
dependencies = [
 "utils",
]

[[package]]
name = "year2017"
version = "0.0.0"
dependencies = [
 "utils",
]

[[package]]
name = "year2018"
version = "0.0.0"
dependencies = [
 "utils",
]

[[package]]
name = "year2019"
version = "0.0.0"
dependencies = [
 "utils",
]

[[package]]
name = "year2024"
version = "0.0.0"
dependencies = [
 "utils",
]
